
Microsoft Visual Studio Solution File, Format Version 12.00
# Visual Studio Version 17
VisualStudioVersion = 17.0.31919.166
MinimumVisualStudioVersion = 10.0.40219.1
Project("{8BC9CEB8-8B4A-11D0-8D11-00A0C91BC942}") = "1.常量与变量", "1.常量与变量\1.常量与变量.vcxproj", "{B0AC2CD7-42A9-4DB3-9272-B2B107F86E43}"
EndProject
Project("{8BC9CEB8-8B4A-11D0-8D11-00A0C91BC942}") = "2.scanf的使用", "2.scanf的使用\2.scanf的使用.vcxproj", "{23FE3DDE-E5B7-465D-92C1-06F567A4BFC2}"
EndProject
Project("{8BC9CEB8-8B4A-11D0-8D11-00A0C91BC942}") = "3.进制转换", "3.进制转换\3.进制转换.vcxproj", "{E41F774E-40BA-492F-A913-9B8104F05252}"
EndProject
Project("{8BC9CEB8-8B4A-11D0-8D11-00A0C91BC942}") = "4.浮点型与字符型", "4.浮点型与字符型\4.浮点型与字符型.vcxproj", "{90384C5B-EB23-4DB3-8C1B-368EA068D8D9}"
EndProject
Project("{8BC9CEB8-8B4A-11D0-8D11-00A0C91BC942}") = "5.字符型大小写转换", "5.字符型大小写转换\5.字符型大小写转换.vcxproj", "{052D32F1-42A2-4D02-A7AF-0EAEAB2B7F6B}"
EndProject
Project("{8BC9CEB8-8B4A-11D0-8D11-00A0C91BC942}") = "6.混合运算", "6.混合运算\6.混合运算.vcxproj", "{8BB0F77E-CF93-4549-A207-91CE2E52AEBB}"
EndProject
Project("{8BC9CEB8-8B4A-11D0-8D11-00A0C91BC942}") = "7.scanf读取标输入缓冲区的原理", "7.scanf读取标输入缓冲区的原理\7.scanf读取标输入缓冲区的原理.vcxproj", "{19B8E405-5A78-4EE6-80F9-B90130E6E891}"
EndProject
Project("{8BC9CEB8-8B4A-11D0-8D11-00A0C91BC942}") = "8.scanf读取两个整型数", "8.scanf读取两个整型数\8.scanf读取两个整型数.vcxproj", "{C79B0EB7-528D-457D-AC9D-0FE010AACB2C}"
EndProject
Project("{8BC9CEB8-8B4A-11D0-8D11-00A0C91BC942}") = "9.判断闰年", "判断闰年\判断闰年.vcxproj", "{C553D34B-17B5-4B8A-A610-1372DA0A7732}"
EndProject
Project("{8BC9CEB8-8B4A-11D0-8D11-00A0C91BC942}") = "10.掌握scanf循环读取", "10.掌握scanf循环读取\10.掌握scanf循环读取.vcxproj", "{D677513B-E5A6-4C1A-8488-5491ED814DB7}"
EndProject
Project("{8BC9CEB8-8B4A-11D0-8D11-00A0C91BC942}") = "11.循环读取字符", "11.循环读取字符\11.循环读取字符.vcxproj", "{1D579379-26BB-4D7A-AD66-DABFD7CFD945}"
EndProject
Project("{8BC9CEB8-8B4A-11D0-8D11-00A0C91BC942}") = "12.scanf的混合输入", "12.scanf的混合输入\12.scanf的混合输入.vcxproj", "{804121A8-5C88-48CE-8881-FD7B4DFDF903}"
EndProject
Project("{8BC9CEB8-8B4A-11D0-8D11-00A0C91BC942}") = "13.printf的使用", "13.printf的使用\13.printf的使用.vcxproj", "{5FDEDA4A-FB97-4FF5-A9B4-3C51CAA54CA1}"
EndProject
Project("{8BC9CEB8-8B4A-11D0-8D11-00A0C91BC942}") = "14.算符运算符", "14.算符运算符\14.算符运算符.vcxproj", "{617CC410-E9B1-4FED-8253-D216B5EDC328}"
EndProject
Project("{8BC9CEB8-8B4A-11D0-8D11-00A0C91BC942}") = "15.关系运算符", "15.关系运算符\15.关系运算符.vcxproj", "{99FEBB14-C7B8-4F09-AE46-E468522AA875}"
EndProject
Project("{8BC9CEB8-8B4A-11D0-8D11-00A0C91BC942}") = "16.赋值运算符", "16.赋值运算符\16.赋值运算符.vcxproj", "{02B86BBC-262B-4F42-AEA3-797C97586822}"
EndProject
Project("{8BC9CEB8-8B4A-11D0-8D11-00A0C91BC942}") = "17.自增自减运算符", "17.自增自减运算符\17.自增自减运算符.vcxproj", "{0005B26F-D45A-4AA1-9D2A-5D1B91A4EA5E}"
EndProject
Global
	GlobalSection(SolutionConfigurationPlatforms) = preSolution
		Debug|x64 = Debug|x64
		Debug|x86 = Debug|x86
		Release|x64 = Release|x64
		Release|x86 = Release|x86
	EndGlobalSection
	GlobalSection(ProjectConfigurationPlatforms) = postSolution
		{B0AC2CD7-42A9-4DB3-9272-B2B107F86E43}.Debug|x64.ActiveCfg = Debug|x64
		{B0AC2CD7-42A9-4DB3-9272-B2B107F86E43}.Debug|x64.Build.0 = Debug|x64
		{B0AC2CD7-42A9-4DB3-9272-B2B107F86E43}.Debug|x86.ActiveCfg = Debug|Win32
		{B0AC2CD7-42A9-4DB3-9272-B2B107F86E43}.Debug|x86.Build.0 = Debug|Win32
		{B0AC2CD7-42A9-4DB3-9272-B2B107F86E43}.Release|x64.ActiveCfg = Release|x64
		{B0AC2CD7-42A9-4DB3-9272-B2B107F86E43}.Release|x64.Build.0 = Release|x64
		{B0AC2CD7-42A9-4DB3-9272-B2B107F86E43}.Release|x86.ActiveCfg = Release|Win32
		{B0AC2CD7-42A9-4DB3-9272-B2B107F86E43}.Release|x86.Build.0 = Release|Win32
		{23FE3DDE-E5B7-465D-92C1-06F567A4BFC2}.Debug|x64.ActiveCfg = Debug|x64
		{23FE3DDE-E5B7-465D-92C1-06F567A4BFC2}.Debug|x64.Build.0 = Debug|x64
		{23FE3DDE-E5B7-465D-92C1-06F567A4BFC2}.Debug|x86.ActiveCfg = Debug|Win32
		{23FE3DDE-E5B7-465D-92C1-06F567A4BFC2}.Debug|x86.Build.0 = Debug|Win32
		{23FE3DDE-E5B7-465D-92C1-06F567A4BFC2}.Release|x64.ActiveCfg = Release|x64
		{23FE3DDE-E5B7-465D-92C1-06F567A4BFC2}.Release|x64.Build.0 = Release|x64
		{23FE3DDE-E5B7-465D-92C1-06F567A4BFC2}.Release|x86.ActiveCfg = Release|Win32
		{23FE3DDE-E5B7-465D-92C1-06F567A4BFC2}.Release|x86.Build.0 = Release|Win32
		{E41F774E-40BA-492F-A913-9B8104F05252}.Debug|x64.ActiveCfg = Debug|x64
		{E41F774E-40BA-492F-A913-9B8104F05252}.Debug|x64.Build.0 = Debug|x64
		{E41F774E-40BA-492F-A913-9B8104F05252}.Debug|x86.ActiveCfg = Debug|Win32
		{E41F774E-40BA-492F-A913-9B8104F05252}.Debug|x86.Build.0 = Debug|Win32
		{E41F774E-40BA-492F-A913-9B8104F05252}.Release|x64.ActiveCfg = Release|x64
		{E41F774E-40BA-492F-A913-9B8104F05252}.Release|x64.Build.0 = Release|x64
		{E41F774E-40BA-492F-A913-9B8104F05252}.Release|x86.ActiveCfg = Release|Win32
		{E41F774E-40BA-492F-A913-9B8104F05252}.Release|x86.Build.0 = Release|Win32
		{90384C5B-EB23-4DB3-8C1B-368EA068D8D9}.Debug|x64.ActiveCfg = Debug|x64
		{90384C5B-EB23-4DB3-8C1B-368EA068D8D9}.Debug|x64.Build.0 = Debug|x64
		{90384C5B-EB23-4DB3-8C1B-368EA068D8D9}.Debug|x86.ActiveCfg = Debug|Win32
		{90384C5B-EB23-4DB3-8C1B-368EA068D8D9}.Debug|x86.Build.0 = Debug|Win32
		{90384C5B-EB23-4DB3-8C1B-368EA068D8D9}.Release|x64.ActiveCfg = Release|x64
		{90384C5B-EB23-4DB3-8C1B-368EA068D8D9}.Release|x64.Build.0 = Release|x64
		{90384C5B-EB23-4DB3-8C1B-368EA068D8D9}.Release|x86.ActiveCfg = Release|Win32
		{90384C5B-EB23-4DB3-8C1B-368EA068D8D9}.Release|x86.Build.0 = Release|Win32
		{052D32F1-42A2-4D02-A7AF-0EAEAB2B7F6B}.Debug|x64.ActiveCfg = Debug|x64
		{052D32F1-42A2-4D02-A7AF-0EAEAB2B7F6B}.Debug|x64.Build.0 = Debug|x64
		{052D32F1-42A2-4D02-A7AF-0EAEAB2B7F6B}.Debug|x86.ActiveCfg = Debug|Win32
		{052D32F1-42A2-4D02-A7AF-0EAEAB2B7F6B}.Debug|x86.Build.0 = Debug|Win32
		{052D32F1-42A2-4D02-A7AF-0EAEAB2B7F6B}.Release|x64.ActiveCfg = Release|x64
		{052D32F1-42A2-4D02-A7AF-0EAEAB2B7F6B}.Release|x64.Build.0 = Release|x64
		{052D32F1-42A2-4D02-A7AF-0EAEAB2B7F6B}.Release|x86.ActiveCfg = Release|Win32
		{052D32F1-42A2-4D02-A7AF-0EAEAB2B7F6B}.Release|x86.Build.0 = Release|Win32
		{8BB0F77E-CF93-4549-A207-91CE2E52AEBB}.Debug|x64.ActiveCfg = Debug|x64
		{8BB0F77E-CF93-4549-A207-91CE2E52AEBB}.Debug|x64.Build.0 = Debug|x64
		{8BB0F77E-CF93-4549-A207-91CE2E52AEBB}.Debug|x86.ActiveCfg = Debug|Win32
		{8BB0F77E-CF93-4549-A207-91CE2E52AEBB}.Debug|x86.Build.0 = Debug|Win32
		{8BB0F77E-CF93-4549-A207-91CE2E52AEBB}.Release|x64.ActiveCfg = Release|x64
		{8BB0F77E-CF93-4549-A207-91CE2E52AEBB}.Release|x64.Build.0 = Release|x64
		{8BB0F77E-CF93-4549-A207-91CE2E52AEBB}.Release|x86.ActiveCfg = Release|Win32
		{8BB0F77E-CF93-4549-A207-91CE2E52AEBB}.Release|x86.Build.0 = Release|Win32
		{19B8E405-5A78-4EE6-80F9-B90130E6E891}.Debug|x64.ActiveCfg = Debug|x64
		{19B8E405-5A78-4EE6-80F9-B90130E6E891}.Debug|x64.Build.0 = Debug|x64
		{19B8E405-5A78-4EE6-80F9-B90130E6E891}.Debug|x86.ActiveCfg = Debug|Win32
		{19B8E405-5A78-4EE6-80F9-B90130E6E891}.Debug|x86.Build.0 = Debug|Win32
		{19B8E405-5A78-4EE6-80F9-B90130E6E891}.Release|x64.ActiveCfg = Release|x64
		{19B8E405-5A78-4EE6-80F9-B90130E6E891}.Release|x64.Build.0 = Release|x64
		{19B8E405-5A78-4EE6-80F9-B90130E6E891}.Release|x86.ActiveCfg = Release|Win32
		{19B8E405-5A78-4EE6-80F9-B90130E6E891}.Release|x86.Build.0 = Release|Win32
		{C79B0EB7-528D-457D-AC9D-0FE010AACB2C}.Debug|x64.ActiveCfg = Debug|x64
		{C79B0EB7-528D-457D-AC9D-0FE010AACB2C}.Debug|x64.Build.0 = Debug|x64
		{C79B0EB7-528D-457D-AC9D-0FE010AACB2C}.Debug|x86.ActiveCfg = Debug|Win32
		{C79B0EB7-528D-457D-AC9D-0FE010AACB2C}.Debug|x86.Build.0 = Debug|Win32
		{C79B0EB7-528D-457D-AC9D-0FE010AACB2C}.Release|x64.ActiveCfg = Release|x64
		{C79B0EB7-528D-457D-AC9D-0FE010AACB2C}.Release|x64.Build.0 = Release|x64
		{C79B0EB7-528D-457D-AC9D-0FE010AACB2C}.Release|x86.ActiveCfg = Release|Win32
		{C79B0EB7-528D-457D-AC9D-0FE010AACB2C}.Release|x86.Build.0 = Release|Win32
		{C553D34B-17B5-4B8A-A610-1372DA0A7732}.Debug|x64.ActiveCfg = Debug|x64
		{C553D34B-17B5-4B8A-A610-1372DA0A7732}.Debug|x64.Build.0 = Debug|x64
		{C553D34B-17B5-4B8A-A610-1372DA0A7732}.Debug|x86.ActiveCfg = Debug|Win32
		{C553D34B-17B5-4B8A-A610-1372DA0A7732}.Debug|x86.Build.0 = Debug|Win32
		{C553D34B-17B5-4B8A-A610-1372DA0A7732}.Release|x64.ActiveCfg = Release|x64
		{C553D34B-17B5-4B8A-A610-1372DA0A7732}.Release|x64.Build.0 = Release|x64
		{C553D34B-17B5-4B8A-A610-1372DA0A7732}.Release|x86.ActiveCfg = Release|Win32
		{C553D34B-17B5-4B8A-A610-1372DA0A7732}.Release|x86.Build.0 = Release|Win32
		{D677513B-E5A6-4C1A-8488-5491ED814DB7}.Debug|x64.ActiveCfg = Debug|x64
		{D677513B-E5A6-4C1A-8488-5491ED814DB7}.Debug|x64.Build.0 = Debug|x64
		{D677513B-E5A6-4C1A-8488-5491ED814DB7}.Debug|x86.ActiveCfg = Debug|Win32
		{D677513B-E5A6-4C1A-8488-5491ED814DB7}.Debug|x86.Build.0 = Debug|Win32
		{D677513B-E5A6-4C1A-8488-5491ED814DB7}.Release|x64.ActiveCfg = Release|x64
		{D677513B-E5A6-4C1A-8488-5491ED814DB7}.Release|x64.Build.0 = Release|x64
		{D677513B-E5A6-4C1A-8488-5491ED814DB7}.Release|x86.ActiveCfg = Release|Win32
		{D677513B-E5A6-4C1A-8488-5491ED814DB7}.Release|x86.Build.0 = Release|Win32
		{1D579379-26BB-4D7A-AD66-DABFD7CFD945}.Debug|x64.ActiveCfg = Debug|x64
		{1D579379-26BB-4D7A-AD66-DABFD7CFD945}.Debug|x64.Build.0 = Debug|x64
		{1D579379-26BB-4D7A-AD66-DABFD7CFD945}.Debug|x86.ActiveCfg = Debug|Win32
		{1D579379-26BB-4D7A-AD66-DABFD7CFD945}.Debug|x86.Build.0 = Debug|Win32
		{1D579379-26BB-4D7A-AD66-DABFD7CFD945}.Release|x64.ActiveCfg = Release|x64
		{1D579379-26BB-4D7A-AD66-DABFD7CFD945}.Release|x64.Build.0 = Release|x64
		{1D579379-26BB-4D7A-AD66-DABFD7CFD945}.Release|x86.ActiveCfg = Release|Win32
		{1D579379-26BB-4D7A-AD66-DABFD7CFD945}.Release|x86.Build.0 = Release|Win32
		{804121A8-5C88-48CE-8881-FD7B4DFDF903}.Debug|x64.ActiveCfg = Debug|x64
		{804121A8-5C88-48CE-8881-FD7B4DFDF903}.Debug|x64.Build.0 = Debug|x64
		{804121A8-5C88-48CE-8881-FD7B4DFDF903}.Debug|x86.ActiveCfg = Debug|Win32
		{804121A8-5C88-48CE-8881-FD7B4DFDF903}.Debug|x86.Build.0 = Debug|Win32
		{804121A8-5C88-48CE-8881-FD7B4DFDF903}.Release|x64.ActiveCfg = Release|x64
		{804121A8-5C88-48CE-8881-FD7B4DFDF903}.Release|x64.Build.0 = Release|x64
		{804121A8-5C88-48CE-8881-FD7B4DFDF903}.Release|x86.ActiveCfg = Release|Win32
		{804121A8-5C88-48CE-8881-FD7B4DFDF903}.Release|x86.Build.0 = Release|Win32
		{5FDEDA4A-FB97-4FF5-A9B4-3C51CAA54CA1}.Debug|x64.ActiveCfg = Debug|x64
		{5FDEDA4A-FB97-4FF5-A9B4-3C51CAA54CA1}.Debug|x64.Build.0 = Debug|x64
		{5FDEDA4A-FB97-4FF5-A9B4-3C51CAA54CA1}.Debug|x86.ActiveCfg = Debug|Win32
		{5FDEDA4A-FB97-4FF5-A9B4-3C51CAA54CA1}.Debug|x86.Build.0 = Debug|Win32
		{5FDEDA4A-FB97-4FF5-A9B4-3C51CAA54CA1}.Release|x64.ActiveCfg = Release|x64
		{5FDEDA4A-FB97-4FF5-A9B4-3C51CAA54CA1}.Release|x64.Build.0 = Release|x64
		{5FDEDA4A-FB97-4FF5-A9B4-3C51CAA54CA1}.Release|x86.ActiveCfg = Release|Win32
		{5FDEDA4A-FB97-4FF5-A9B4-3C51CAA54CA1}.Release|x86.Build.0 = Release|Win32
		{617CC410-E9B1-4FED-8253-D216B5EDC328}.Debug|x64.ActiveCfg = Debug|x64
		{617CC410-E9B1-4FED-8253-D216B5EDC328}.Debug|x64.Build.0 = Debug|x64
		{617CC410-E9B1-4FED-8253-D216B5EDC328}.Debug|x86.ActiveCfg = Debug|Win32
		{617CC410-E9B1-4FED-8253-D216B5EDC328}.Debug|x86.Build.0 = Debug|Win32
		{617CC410-E9B1-4FED-8253-D216B5EDC328}.Release|x64.ActiveCfg = Release|x64
		{617CC410-E9B1-4FED-8253-D216B5EDC328}.Release|x64.Build.0 = Release|x64
		{617CC410-E9B1-4FED-8253-D216B5EDC328}.Release|x86.ActiveCfg = Release|Win32
		{617CC410-E9B1-4FED-8253-D216B5EDC328}.Release|x86.Build.0 = Release|Win32
		{99FEBB14-C7B8-4F09-AE46-E468522AA875}.Debug|x64.ActiveCfg = Debug|x64
		{99FEBB14-C7B8-4F09-AE46-E468522AA875}.Debug|x64.Build.0 = Debug|x64
		{99FEBB14-C7B8-4F09-AE46-E468522AA875}.Debug|x86.ActiveCfg = Debug|Win32
		{99FEBB14-C7B8-4F09-AE46-E468522AA875}.Debug|x86.Build.0 = Debug|Win32
		{99FEBB14-C7B8-4F09-AE46-E468522AA875}.Release|x64.ActiveCfg = Release|x64
		{99FEBB14-C7B8-4F09-AE46-E468522AA875}.Release|x64.Build.0 = Release|x64
		{99FEBB14-C7B8-4F09-AE46-E468522AA875}.Release|x86.ActiveCfg = Release|Win32
		{99FEBB14-C7B8-4F09-AE46-E468522AA875}.Release|x86.Build.0 = Release|Win32
		{02B86BBC-262B-4F42-AEA3-797C97586822}.Debug|x64.ActiveCfg = Debug|x64
		{02B86BBC-262B-4F42-AEA3-797C97586822}.Debug|x64.Build.0 = Debug|x64
		{02B86BBC-262B-4F42-AEA3-797C97586822}.Debug|x86.ActiveCfg = Debug|Win32
		{02B86BBC-262B-4F42-AEA3-797C97586822}.Debug|x86.Build.0 = Debug|Win32
		{02B86BBC-262B-4F42-AEA3-797C97586822}.Release|x64.ActiveCfg = Release|x64
		{02B86BBC-262B-4F42-AEA3-797C97586822}.Release|x64.Build.0 = Release|x64
		{02B86BBC-262B-4F42-AEA3-797C97586822}.Release|x86.ActiveCfg = Release|Win32
		{02B86BBC-262B-4F42-AEA3-797C97586822}.Release|x86.Build.0 = Release|Win32
		{0005B26F-D45A-4AA1-9D2A-5D1B91A4EA5E}.Debug|x64.ActiveCfg = Debug|x64
		{0005B26F-D45A-4AA1-9D2A-5D1B91A4EA5E}.Debug|x64.Build.0 = Debug|x64
		{0005B26F-D45A-4AA1-9D2A-5D1B91A4EA5E}.Debug|x86.ActiveCfg = Debug|Win32
		{0005B26F-D45A-4AA1-9D2A-5D1B91A4EA5E}.Debug|x86.Build.0 = Debug|Win32
		{0005B26F-D45A-4AA1-9D2A-5D1B91A4EA5E}.Release|x64.ActiveCfg = Release|x64
		{0005B26F-D45A-4AA1-9D2A-5D1B91A4EA5E}.Release|x64.Build.0 = Release|x64
		{0005B26F-D45A-4AA1-9D2A-5D1B91A4EA5E}.Release|x86.ActiveCfg = Release|Win32
		{0005B26F-D45A-4AA1-9D2A-5D1B91A4EA5E}.Release|x86.Build.0 = Release|Win32
	EndGlobalSection
	GlobalSection(SolutionProperties) = preSolution
		HideSolutionNode = FALSE
	EndGlobalSection
	GlobalSection(ExtensibilityGlobals) = postSolution
		SolutionGuid = {1A217323-95B7-40B3-8670-FA9F6F476EC7}
	EndGlobalSection
EndGlobal
